// !$*UTF8*$!
{
	archiveVersion = 1;
	classes = {
	};
	objectVersion = 56;
	objects = {

/* Begin PBXBuildFile section */
		6121B33F2A116FE20029E65D /* SearchView.swift in Sources */ = {isa = PBXBuildFile; fileRef = 6121B33E2A116FE20029E65D /* SearchView.swift */; };
		6121B3412A117E1B0029E65D /* SearchViewModel.swift in Sources */ = {isa = PBXBuildFile; fileRef = 6121B3402A117E1B0029E65D /* SearchViewModel.swift */; };
		61A2D7B92A4E17BC007FA201 /* Router.swift in Sources */ = {isa = PBXBuildFile; fileRef = 61A2D7B82A4E17BC007FA201 /* Router.swift */; };
		61A2D7BB2A4E181E007FA201 /* IngredientCell.swift in Sources */ = {isa = PBXBuildFile; fileRef = 61A2D7BA2A4E181E007FA201 /* IngredientCell.swift */; };
		61CFFFD42A3F6868002D87B8 /* EditIngredientsView.swift in Sources */ = {isa = PBXBuildFile; fileRef = 61CFFFD32A3F6868002D87B8 /* EditIngredientsView.swift */; };
		61CFFFD62A3F6CF0002D87B8 /* TrashView.swift in Sources */ = {isa = PBXBuildFile; fileRef = 61CFFFD52A3F6CF0002D87B8 /* TrashView.swift */; };
		61DCFBE62CA1AC26001019B0 /* Binding extension.swift in Sources */ = {isa = PBXBuildFile; fileRef = 61DCFBE52CA1AC26001019B0 /* Binding extension.swift */; };
		61DCFBE82CA1AC84001019B0 /* DestinationCases.swift in Sources */ = {isa = PBXBuildFile; fileRef = 61DCFBE72CA1AC84001019B0 /* DestinationCases.swift */; };
		61DCFBEA2CA1AF23001019B0 /* DestinationPath.swift in Sources */ = {isa = PBXBuildFile; fileRef = 61DCFBE92CA1AF23001019B0 /* DestinationPath.swift */; };
		61DCFBEC2CA1B458001019B0 /* MainScreenView.swift in Sources */ = {isa = PBXBuildFile; fileRef = 61DCFBEB2CA1B458001019B0 /* MainScreenView.swift */; };
		61DCFBEF2CA1B8FB001019B0 /* CookingTypesHeader.swift in Sources */ = {isa = PBXBuildFile; fileRef = 61DCFBEE2CA1B8FB001019B0 /* CookingTypesHeader.swift */; };
		61DCFBF12CA1BCC5001019B0 /* IngredientsHeader.swift in Sources */ = {isa = PBXBuildFile; fileRef = 61DCFBF02CA1BCC5001019B0 /* IngredientsHeader.swift */; };
		61DCFBF32CA1D376001019B0 /* CocktailsHeader.swift in Sources */ = {isa = PBXBuildFile; fileRef = 61DCFBF22CA1D376001019B0 /* CocktailsHeader.swift */; };
		61DCFBF52CA1D628001019B0 /* FavouritesHeader.swift in Sources */ = {isa = PBXBuildFile; fileRef = 61DCFBF42CA1D628001019B0 /* FavouritesHeader.swift */; };
		61DCFBF72CA1E77E001019B0 /* MockData.swift in Sources */ = {isa = PBXBuildFile; fileRef = 61DCFBF62CA1E77E001019B0 /* MockData.swift */; };
		61E33FD62A085B47009B9725 /* BarHelperApp.swift in Sources */ = {isa = PBXBuildFile; fileRef = 61E33FD52A085B47009B9725 /* BarHelperApp.swift */; };
		61E33FD82A085B47009B9725 /* ContentView.swift in Sources */ = {isa = PBXBuildFile; fileRef = 61E33FD72A085B47009B9725 /* ContentView.swift */; };
		61E33FDA2A085B49009B9725 /* Assets.xcassets in Resources */ = {isa = PBXBuildFile; fileRef = 61E33FD92A085B49009B9725 /* Assets.xcassets */; };
		61E33FDD2A085B49009B9725 /* Preview Assets.xcassets in Resources */ = {isa = PBXBuildFile; fileRef = 61E33FDC2A085B49009B9725 /* Preview Assets.xcassets */; };
		61E33FE22A085B49009B9725 /* BarHelper.xcdatamodeld in Sources */ = {isa = PBXBuildFile; fileRef = 61E33FE02A085B49009B9725 /* BarHelper.xcdatamodeld */; };
		61E340062A0AB2A7009B9725 /* DBManager.swift in Sources */ = {isa = PBXBuildFile; fileRef = 61E340052A0AB2A7009B9725 /* DBManager.swift */; };
		61E340082A0ABE92009B9725 /* IngredientsViewModel.swift in Sources */ = {isa = PBXBuildFile; fileRef = 61E340072A0ABE92009B9725 /* IngredientsViewModel.swift */; };
		61E3400A2A0AC54F009B9725 /* CocktailsViewModel.swift in Sources */ = {isa = PBXBuildFile; fileRef = 61E340092A0AC54F009B9725 /* CocktailsViewModel.swift */; };
		61E3400C2A0AD37E009B9725 /* CreateCocktailView.swift in Sources */ = {isa = PBXBuildFile; fileRef = 61E3400B2A0AD37E009B9725 /* CreateCocktailView.swift */; };
		61E3400E2A0AD94A009B9725 /* IngredientsView.swift in Sources */ = {isa = PBXBuildFile; fileRef = 61E3400D2A0AD94A009B9725 /* IngredientsView.swift */; };
		61E340102A0ADF37009B9725 /* CookingTypesView.swift in Sources */ = {isa = PBXBuildFile; fileRef = 61E3400F2A0ADF37009B9725 /* CookingTypesView.swift */; };
		61E340122A0ADF3F009B9725 /* CookingTypesViewModel.swift in Sources */ = {isa = PBXBuildFile; fileRef = 61E340112A0ADF3F009B9725 /* CookingTypesViewModel.swift */; };
		61E340162A0AE31D009B9725 /* CreateCocktailsViewModel.swift in Sources */ = {isa = PBXBuildFile; fileRef = 61E340152A0AE31D009B9725 /* CreateCocktailsViewModel.swift */; };
		61E340192A0B9187009B9725 /* CocktailsView.swift in Sources */ = {isa = PBXBuildFile; fileRef = 61E340182A0B9187009B9725 /* CocktailsView.swift */; };
		61E3401B2A0BFC77009B9725 /* ImagePicker.swift in Sources */ = {isa = PBXBuildFile; fileRef = 61E3401A2A0BFC77009B9725 /* ImagePicker.swift */; };
		61E3401D2A0C0F4B009B9725 /* CocktailView.swift in Sources */ = {isa = PBXBuildFile; fileRef = 61E3401C2A0C0F4B009B9725 /* CocktailView.swift */; };
		61E340212A0D1615009B9725 /* Font + extension.swift in Sources */ = {isa = PBXBuildFile; fileRef = 61E340202A0D1615009B9725 /* Font + extension.swift */; };
		61E340262A0D1CA3009B9725 /* CyberpunkWaifus.ttf in Resources */ = {isa = PBXBuildFile; fileRef = 61E3401E2A0D0D4E009B9725 /* CyberpunkWaifus.ttf */; };
		61E340282A0D1DBC009B9725 /* View + extension.swift in Sources */ = {isa = PBXBuildFile; fileRef = 61E340272A0D1DBC009B9725 /* View + extension.swift */; };
		61E3402A2A0D210B009B9725 /* Color + extension.swift in Sources */ = {isa = PBXBuildFile; fileRef = 61E340292A0D210B009B9725 /* Color + extension.swift */; };
		61F399562A4B127D0058DA30 /* CPTextEditor.swift in Sources */ = {isa = PBXBuildFile; fileRef = 61F399552A4B127D0058DA30 /* CPTextEditor.swift */; };
		61F91E102A0D34A800D320D8 /* Keyboard + extension.swift in Sources */ = {isa = PBXBuildFile; fileRef = 61F91E0F2A0D34A800D320D8 /* Keyboard + extension.swift */; };
		61F91E132A0D373200D320D8 /* CreateIngredientViewModel.swift in Sources */ = {isa = PBXBuildFile; fileRef = 61F91E122A0D373200D320D8 /* CreateIngredientViewModel.swift */; };
		61F91E152A0D3E7D00D320D8 /* CreateIngredientView.swift in Sources */ = {isa = PBXBuildFile; fileRef = 61F91E142A0D3E7D00D320D8 /* CreateIngredientView.swift */; };
		61F91E172A0D3FBA00D320D8 /* CPButtonView.swift in Sources */ = {isa = PBXBuildFile; fileRef = 61F91E162A0D3FBA00D320D8 /* CPButtonView.swift */; };
		61F91E1A2A0E826400D320D8 /* PlusView.swift in Sources */ = {isa = PBXBuildFile; fileRef = 61F91E192A0E826400D320D8 /* PlusView.swift */; };
		61F91E1C2A11594E00D320D8 /* CocktailCellView.swift in Sources */ = {isa = PBXBuildFile; fileRef = 61F91E1B2A11594E00D320D8 /* CocktailCellView.swift */; };
/* End PBXBuildFile section */

/* Begin PBXFileReference section */
		6121B33E2A116FE20029E65D /* SearchView.swift */ = {isa = PBXFileReference; lastKnownFileType = sourcecode.swift; path = SearchView.swift; sourceTree = "<group>"; };
		6121B3402A117E1B0029E65D /* SearchViewModel.swift */ = {isa = PBXFileReference; lastKnownFileType = sourcecode.swift; path = SearchViewModel.swift; sourceTree = "<group>"; };
		61A2D7B82A4E17BC007FA201 /* Router.swift */ = {isa = PBXFileReference; lastKnownFileType = sourcecode.swift; path = Router.swift; sourceTree = "<group>"; };
		61A2D7BA2A4E181E007FA201 /* IngredientCell.swift */ = {isa = PBXFileReference; lastKnownFileType = sourcecode.swift; path = IngredientCell.swift; sourceTree = "<group>"; };
		61CFFFD32A3F6868002D87B8 /* EditIngredientsView.swift */ = {isa = PBXFileReference; lastKnownFileType = sourcecode.swift; path = EditIngredientsView.swift; sourceTree = "<group>"; };
		61CFFFD52A3F6CF0002D87B8 /* TrashView.swift */ = {isa = PBXFileReference; lastKnownFileType = sourcecode.swift; path = TrashView.swift; sourceTree = "<group>"; };
		61DCFBE52CA1AC26001019B0 /* Binding extension.swift */ = {isa = PBXFileReference; lastKnownFileType = sourcecode.swift; path = "Binding extension.swift"; sourceTree = "<group>"; };
		61DCFBE72CA1AC84001019B0 /* DestinationCases.swift */ = {isa = PBXFileReference; lastKnownFileType = sourcecode.swift; path = DestinationCases.swift; sourceTree = "<group>"; };
		61DCFBE92CA1AF23001019B0 /* DestinationPath.swift */ = {isa = PBXFileReference; lastKnownFileType = sourcecode.swift; path = DestinationPath.swift; sourceTree = "<group>"; };
		61DCFBEB2CA1B458001019B0 /* MainScreenView.swift */ = {isa = PBXFileReference; lastKnownFileType = sourcecode.swift; path = MainScreenView.swift; sourceTree = "<group>"; };
		61DCFBEE2CA1B8FB001019B0 /* CookingTypesHeader.swift */ = {isa = PBXFileReference; lastKnownFileType = sourcecode.swift; path = CookingTypesHeader.swift; sourceTree = "<group>"; };
		61DCFBF02CA1BCC5001019B0 /* IngredientsHeader.swift */ = {isa = PBXFileReference; lastKnownFileType = sourcecode.swift; path = IngredientsHeader.swift; sourceTree = "<group>"; };
		61DCFBF22CA1D376001019B0 /* CocktailsHeader.swift */ = {isa = PBXFileReference; lastKnownFileType = sourcecode.swift; path = CocktailsHeader.swift; sourceTree = "<group>"; };
		61DCFBF42CA1D628001019B0 /* FavouritesHeader.swift */ = {isa = PBXFileReference; lastKnownFileType = sourcecode.swift; path = FavouritesHeader.swift; sourceTree = "<group>"; };
		61DCFBF62CA1E77E001019B0 /* MockData.swift */ = {isa = PBXFileReference; lastKnownFileType = sourcecode.swift; path = MockData.swift; sourceTree = "<group>"; };
		61E33FD22A085B47009B9725 /* BarHelper.app */ = {isa = PBXFileReference; explicitFileType = wrapper.application; includeInIndex = 0; path = BarHelper.app; sourceTree = BUILT_PRODUCTS_DIR; };
		61E33FD52A085B47009B9725 /* BarHelperApp.swift */ = {isa = PBXFileReference; lastKnownFileType = sourcecode.swift; path = BarHelperApp.swift; sourceTree = "<group>"; };
		61E33FD72A085B47009B9725 /* ContentView.swift */ = {isa = PBXFileReference; lastKnownFileType = sourcecode.swift; path = ContentView.swift; sourceTree = "<group>"; };
		61E33FD92A085B49009B9725 /* Assets.xcassets */ = {isa = PBXFileReference; lastKnownFileType = folder.assetcatalog; path = Assets.xcassets; sourceTree = "<group>"; };
		61E33FDC2A085B49009B9725 /* Preview Assets.xcassets */ = {isa = PBXFileReference; lastKnownFileType = folder.assetcatalog; path = "Preview Assets.xcassets"; sourceTree = "<group>"; };
		61E33FE12A085B49009B9725 /* BarHelper.xcdatamodel */ = {isa = PBXFileReference; lastKnownFileType = wrapper.xcdatamodel; path = BarHelper.xcdatamodel; sourceTree = "<group>"; };
		61E33FE32A085B49009B9725 /* Info.plist */ = {isa = PBXFileReference; lastKnownFileType = text.plist.xml; path = Info.plist; sourceTree = "<group>"; };
		61E340052A0AB2A7009B9725 /* DBManager.swift */ = {isa = PBXFileReference; lastKnownFileType = sourcecode.swift; path = DBManager.swift; sourceTree = "<group>"; };
		61E340072A0ABE92009B9725 /* IngredientsViewModel.swift */ = {isa = PBXFileReference; lastKnownFileType = sourcecode.swift; path = IngredientsViewModel.swift; sourceTree = "<group>"; };
		61E340092A0AC54F009B9725 /* CocktailsViewModel.swift */ = {isa = PBXFileReference; lastKnownFileType = sourcecode.swift; path = CocktailsViewModel.swift; sourceTree = "<group>"; };
		61E3400B2A0AD37E009B9725 /* CreateCocktailView.swift */ = {isa = PBXFileReference; lastKnownFileType = sourcecode.swift; path = CreateCocktailView.swift; sourceTree = "<group>"; };
		61E3400D2A0AD94A009B9725 /* IngredientsView.swift */ = {isa = PBXFileReference; lastKnownFileType = sourcecode.swift; path = IngredientsView.swift; sourceTree = "<group>"; };
		61E3400F2A0ADF37009B9725 /* CookingTypesView.swift */ = {isa = PBXFileReference; lastKnownFileType = sourcecode.swift; path = CookingTypesView.swift; sourceTree = "<group>"; };
		61E340112A0ADF3F009B9725 /* CookingTypesViewModel.swift */ = {isa = PBXFileReference; lastKnownFileType = sourcecode.swift; path = CookingTypesViewModel.swift; sourceTree = "<group>"; };
		61E340152A0AE31D009B9725 /* CreateCocktailsViewModel.swift */ = {isa = PBXFileReference; lastKnownFileType = sourcecode.swift; path = CreateCocktailsViewModel.swift; sourceTree = "<group>"; };
		61E340182A0B9187009B9725 /* CocktailsView.swift */ = {isa = PBXFileReference; lastKnownFileType = sourcecode.swift; path = CocktailsView.swift; sourceTree = "<group>"; };
		61E3401A2A0BFC77009B9725 /* ImagePicker.swift */ = {isa = PBXFileReference; lastKnownFileType = sourcecode.swift; path = ImagePicker.swift; sourceTree = "<group>"; };
		61E3401C2A0C0F4B009B9725 /* CocktailView.swift */ = {isa = PBXFileReference; lastKnownFileType = sourcecode.swift; path = CocktailView.swift; sourceTree = "<group>"; };
		61E3401E2A0D0D4E009B9725 /* CyberpunkWaifus.ttf */ = {isa = PBXFileReference; lastKnownFileType = file; path = CyberpunkWaifus.ttf; sourceTree = "<group>"; };
		61E340202A0D1615009B9725 /* Font + extension.swift */ = {isa = PBXFileReference; lastKnownFileType = sourcecode.swift; path = "Font + extension.swift"; sourceTree = "<group>"; };
		61E340272A0D1DBC009B9725 /* View + extension.swift */ = {isa = PBXFileReference; lastKnownFileType = sourcecode.swift; path = "View + extension.swift"; sourceTree = "<group>"; };
		61E340292A0D210B009B9725 /* Color + extension.swift */ = {isa = PBXFileReference; lastKnownFileType = sourcecode.swift; path = "Color + extension.swift"; sourceTree = "<group>"; };
		61F399552A4B127D0058DA30 /* CPTextEditor.swift */ = {isa = PBXFileReference; lastKnownFileType = sourcecode.swift; path = CPTextEditor.swift; sourceTree = "<group>"; };
		61F91E0F2A0D34A800D320D8 /* Keyboard + extension.swift */ = {isa = PBXFileReference; lastKnownFileType = sourcecode.swift; path = "Keyboard + extension.swift"; sourceTree = "<group>"; };
		61F91E122A0D373200D320D8 /* CreateIngredientViewModel.swift */ = {isa = PBXFileReference; lastKnownFileType = sourcecode.swift; path = CreateIngredientViewModel.swift; sourceTree = "<group>"; };
		61F91E142A0D3E7D00D320D8 /* CreateIngredientView.swift */ = {isa = PBXFileReference; lastKnownFileType = sourcecode.swift; path = CreateIngredientView.swift; sourceTree = "<group>"; };
		61F91E162A0D3FBA00D320D8 /* CPButtonView.swift */ = {isa = PBXFileReference; lastKnownFileType = sourcecode.swift; path = CPButtonView.swift; sourceTree = "<group>"; };
		61F91E192A0E826400D320D8 /* PlusView.swift */ = {isa = PBXFileReference; lastKnownFileType = sourcecode.swift; path = PlusView.swift; sourceTree = "<group>"; };
		61F91E1B2A11594E00D320D8 /* CocktailCellView.swift */ = {isa = PBXFileReference; lastKnownFileType = sourcecode.swift; path = CocktailCellView.swift; sourceTree = "<group>"; };
/* End PBXFileReference section */

/* Begin PBXFrameworksBuildPhase section */
		61E33FCF2A085B47009B9725 /* Frameworks */ = {
			isa = PBXFrameworksBuildPhase;
			buildActionMask = 2147483647;
			files = (
			);
			runOnlyForDeploymentPostprocessing = 0;
		};
/* End PBXFrameworksBuildPhase section */

/* Begin PBXGroup section */
		6121B33C2A116F3A0029E65D /* Ingredients */ = {
			isa = PBXGroup;
			children = (
				61CFFFD32A3F6868002D87B8 /* EditIngredientsView.swift */,
				61F91E182A0D6A6B00D320D8 /* CreateIngredients */,
				61E340132A0AE239009B9725 /* IngredientsView */,
			);
			path = Ingredients;
			sourceTree = "<group>";
		};
		6121B33D2A116F8D0029E65D /* Extensions */ = {
			isa = PBXGroup;
			children = (
				61F91E0F2A0D34A800D320D8 /* Keyboard + extension.swift */,
				61E340202A0D1615009B9725 /* Font + extension.swift */,
				61E340272A0D1DBC009B9725 /* View + extension.swift */,
				61E340292A0D210B009B9725 /* Color + extension.swift */,
			);
			path = Extensions;
			sourceTree = "<group>";
		};
		612E26F02A166ECD001F5539 /* Search */ = {
			isa = PBXGroup;
			children = (
				6121B33E2A116FE20029E65D /* SearchView.swift */,
				6121B3402A117E1B0029E65D /* SearchViewModel.swift */,
			);
			path = Search;
			sourceTree = "<group>";
		};
		612E26F12A166ED7001F5539 /* UIElements */ = {
			isa = PBXGroup;
			children = (
				61F399552A4B127D0058DA30 /* CPTextEditor.swift */,
				61F91E162A0D3FBA00D320D8 /* CPButtonView.swift */,
				61F91E192A0E826400D320D8 /* PlusView.swift */,
				61CFFFD52A3F6CF0002D87B8 /* TrashView.swift */,
			);
			path = UIElements;
			sourceTree = "<group>";
		};
		612E26F22A166EDD001F5539 /* DBManager */ = {
			isa = PBXGroup;
			children = (
				61E33FE02A085B49009B9725 /* BarHelper.xcdatamodeld */,
				61E340052A0AB2A7009B9725 /* DBManager.swift */,
			);
			path = DBManager;
			sourceTree = "<group>";
		};
		61DCFBE42CA1AC0D001019B0 /* Navigation */ = {
			isa = PBXGroup;
			children = (
				61A2D7B82A4E17BC007FA201 /* Router.swift */,
				61DCFBE72CA1AC84001019B0 /* DestinationCases.swift */,
				61DCFBE52CA1AC26001019B0 /* Binding extension.swift */,
				61DCFBE92CA1AF23001019B0 /* DestinationPath.swift */,
			);
			path = Navigation;
			sourceTree = "<group>";
		};
		61DCFBED2CA1B8ED001019B0 /* MainScreen */ = {
			isa = PBXGroup;
			children = (
				61DCFBEB2CA1B458001019B0 /* MainScreenView.swift */,
				61DCFBF42CA1D628001019B0 /* FavouritesHeader.swift */,
				61DCFBEE2CA1B8FB001019B0 /* CookingTypesHeader.swift */,
				61DCFBF22CA1D376001019B0 /* CocktailsHeader.swift */,
				61DCFBF02CA1BCC5001019B0 /* IngredientsHeader.swift */,
			);
			path = MainScreen;
			sourceTree = "<group>";
		};
		61E33FC92A085B47009B9725 = {
			isa = PBXGroup;
			children = (
				61E33FD42A085B47009B9725 /* BarHelper */,
				61E33FD32A085B47009B9725 /* Products */,
			);
			sourceTree = "<group>";
		};
		61E33FD32A085B47009B9725 /* Products */ = {
			isa = PBXGroup;
			children = (
				61E33FD22A085B47009B9725 /* BarHelper.app */,
			);
			name = Products;
			sourceTree = "<group>";
		};
		61E33FD42A085B47009B9725 /* BarHelper */ = {
			isa = PBXGroup;
			children = (
				61E33FD52A085B47009B9725 /* BarHelperApp.swift */,
				61E33FD72A085B47009B9725 /* ContentView.swift */,
				61DCFBF62CA1E77E001019B0 /* MockData.swift */,
				61DCFBED2CA1B8ED001019B0 /* MainScreen */,
				61DCFBE42CA1AC0D001019B0 /* Navigation */,
				612E26F02A166ECD001F5539 /* Search */,
				6121B33C2A116F3A0029E65D /* Ingredients */,
				61E340142A0AE241009B9725 /* CookingTypesView */,
				61F91E1D2A116EEF00D320D8 /* Cocktails */,
				6121B33D2A116F8D0029E65D /* Extensions */,
				612E26F12A166ED7001F5539 /* UIElements */,
				612E26F22A166EDD001F5539 /* DBManager */,
				61E33FD92A085B49009B9725 /* Assets.xcassets */,
				61E3401E2A0D0D4E009B9725 /* CyberpunkWaifus.ttf */,
				61E33FE32A085B49009B9725 /* Info.plist */,
				61E33FDB2A085B49009B9725 /* Preview Content */,
			);
			path = BarHelper;
			sourceTree = "<group>";
		};
		61E33FDB2A085B49009B9725 /* Preview Content */ = {
			isa = PBXGroup;
			children = (
				61E33FDC2A085B49009B9725 /* Preview Assets.xcassets */,
			);
			path = "Preview Content";
			sourceTree = "<group>";
		};
		61E340132A0AE239009B9725 /* IngredientsView */ = {
			isa = PBXGroup;
			children = (
				61E3400D2A0AD94A009B9725 /* IngredientsView.swift */,
				61A2D7BA2A4E181E007FA201 /* IngredientCell.swift */,
				61E340072A0ABE92009B9725 /* IngredientsViewModel.swift */,
			);
			path = IngredientsView;
			sourceTree = "<group>";
		};
		61E340142A0AE241009B9725 /* CookingTypesView */ = {
			isa = PBXGroup;
			children = (
				61E3400F2A0ADF37009B9725 /* CookingTypesView.swift */,
				61E340112A0ADF3F009B9725 /* CookingTypesViewModel.swift */,
			);
			path = CookingTypesView;
			sourceTree = "<group>";
		};
		61E340172A0B9166009B9725 /* CreateCocktail */ = {
			isa = PBXGroup;
			children = (
				61E3400B2A0AD37E009B9725 /* CreateCocktailView.swift */,
				61E340152A0AE31D009B9725 /* CreateCocktailsViewModel.swift */,
				61E3401A2A0BFC77009B9725 /* ImagePicker.swift */,
			);
			path = CreateCocktail;
			sourceTree = "<group>";
		};
		61F91E112A0D370400D320D8 /* CocktailsList */ = {
			isa = PBXGroup;
			children = (
				61E340182A0B9187009B9725 /* CocktailsView.swift */,
				61E340092A0AC54F009B9725 /* CocktailsViewModel.swift */,
				61F91E1B2A11594E00D320D8 /* CocktailCellView.swift */,
			);
			path = CocktailsList;
			sourceTree = "<group>";
		};
		61F91E182A0D6A6B00D320D8 /* CreateIngredients */ = {
			isa = PBXGroup;
			children = (
				61F91E142A0D3E7D00D320D8 /* CreateIngredientView.swift */,
				61F91E122A0D373200D320D8 /* CreateIngredientViewModel.swift */,
			);
			path = CreateIngredients;
			sourceTree = "<group>";
		};
		61F91E1D2A116EEF00D320D8 /* Cocktails */ = {
			isa = PBXGroup;
			children = (
				61E3401C2A0C0F4B009B9725 /* CocktailView.swift */,
				61F91E112A0D370400D320D8 /* CocktailsList */,
				61E340172A0B9166009B9725 /* CreateCocktail */,
			);
			path = Cocktails;
			sourceTree = "<group>";
		};
/* End PBXGroup section */

/* Begin PBXNativeTarget section */
		61E33FD12A085B47009B9725 /* BarHelper */ = {
			isa = PBXNativeTarget;
			buildConfigurationList = 61E33FE62A085B49009B9725 /* Build configuration list for PBXNativeTarget "BarHelper" */;
			buildPhases = (
				61E33FCE2A085B47009B9725 /* Sources */,
				61E33FCF2A085B47009B9725 /* Frameworks */,
				61E33FD02A085B47009B9725 /* Resources */,
			);
			buildRules = (
			);
			dependencies = (
			);
			name = BarHelper;
			productName = BarHelper;
			productReference = 61E33FD22A085B47009B9725 /* BarHelper.app */;
			productType = "com.apple.product-type.application";
		};
/* End PBXNativeTarget section */

/* Begin PBXProject section */
		61E33FCA2A085B47009B9725 /* Project object */ = {
			isa = PBXProject;
			attributes = {
				BuildIndependentTargetsInParallel = 1;
				LastSwiftUpdateCheck = 1430;
				LastUpgradeCheck = 1430;
				TargetAttributes = {
					61E33FD12A085B47009B9725 = {
						CreatedOnToolsVersion = 14.3;
					};
				};
			};
			buildConfigurationList = 61E33FCD2A085B47009B9725 /* Build configuration list for PBXProject "BarHelper" */;
			compatibilityVersion = "Xcode 14.0";
			developmentRegion = en;
			hasScannedForEncodings = 0;
			knownRegions = (
				en,
				Base,
			);
			mainGroup = 61E33FC92A085B47009B9725;
			productRefGroup = 61E33FD32A085B47009B9725 /* Products */;
			projectDirPath = "";
			projectRoot = "";
			targets = (
				61E33FD12A085B47009B9725 /* BarHelper */,
			);
		};
/* End PBXProject section */

/* Begin PBXResourcesBuildPhase section */
		61E33FD02A085B47009B9725 /* Resources */ = {
			isa = PBXResourcesBuildPhase;
			buildActionMask = 2147483647;
			files = (
				61E340262A0D1CA3009B9725 /* CyberpunkWaifus.ttf in Resources */,
				61E33FDD2A085B49009B9725 /* Preview Assets.xcassets in Resources */,
				61E33FDA2A085B49009B9725 /* Assets.xcassets in Resources */,
			);
			runOnlyForDeploymentPostprocessing = 0;
		};
/* End PBXResourcesBuildPhase section */

/* Begin PBXSourcesBuildPhase section */
		61E33FCE2A085B47009B9725 /* Sources */ = {
			isa = PBXSourcesBuildPhase;
			buildActionMask = 2147483647;
			files = (
				61F399562A4B127D0058DA30 /* CPTextEditor.swift in Sources */,
				61E3401B2A0BFC77009B9725 /* ImagePicker.swift in Sources */,
				61DCFBE82CA1AC84001019B0 /* DestinationCases.swift in Sources */,
				61F91E152A0D3E7D00D320D8 /* CreateIngredientView.swift in Sources */,
				61E3400C2A0AD37E009B9725 /* CreateCocktailView.swift in Sources */,
				61DCFBEC2CA1B458001019B0 /* MainScreenView.swift in Sources */,
				61E3402A2A0D210B009B9725 /* Color + extension.swift in Sources */,
				6121B33F2A116FE20029E65D /* SearchView.swift in Sources */,
				61E340082A0ABE92009B9725 /* IngredientsViewModel.swift in Sources */,
				61F91E132A0D373200D320D8 /* CreateIngredientViewModel.swift in Sources */,
				61DCFBF52CA1D628001019B0 /* FavouritesHeader.swift in Sources */,
				61E340062A0AB2A7009B9725 /* DBManager.swift in Sources */,
				61E340282A0D1DBC009B9725 /* View + extension.swift in Sources */,
				61E340102A0ADF37009B9725 /* CookingTypesView.swift in Sources */,
				61E33FD82A085B47009B9725 /* ContentView.swift in Sources */,
				61F91E172A0D3FBA00D320D8 /* CPButtonView.swift in Sources */,
				61DCFBF72CA1E77E001019B0 /* MockData.swift in Sources */,
				61E340122A0ADF3F009B9725 /* CookingTypesViewModel.swift in Sources */,
				61F91E1C2A11594E00D320D8 /* CocktailCellView.swift in Sources */,
				61DCFBF32CA1D376001019B0 /* CocktailsHeader.swift in Sources */,
				61E340192A0B9187009B9725 /* CocktailsView.swift in Sources */,
				61CFFFD42A3F6868002D87B8 /* EditIngredientsView.swift in Sources */,
				61E3401D2A0C0F4B009B9725 /* CocktailView.swift in Sources */,
				61F91E1A2A0E826400D320D8 /* PlusView.swift in Sources */,
				61DCFBEA2CA1AF23001019B0 /* DestinationPath.swift in Sources */,
				61DCFBE62CA1AC26001019B0 /* Binding extension.swift in Sources */,
				61E340162A0AE31D009B9725 /* CreateCocktailsViewModel.swift in Sources */,
				61E340212A0D1615009B9725 /* Font + extension.swift in Sources */,
				61E3400A2A0AC54F009B9725 /* CocktailsViewModel.swift in Sources */,
				61F91E102A0D34A800D320D8 /* Keyboard + extension.swift in Sources */,
				61DCFBF12CA1BCC5001019B0 /* IngredientsHeader.swift in Sources */,
				6121B3412A117E1B0029E65D /* SearchViewModel.swift in Sources */,
				61E33FD62A085B47009B9725 /* BarHelperApp.swift in Sources */,
				61A2D7B92A4E17BC007FA201 /* Router.swift in Sources */,
				61A2D7BB2A4E181E007FA201 /* IngredientCell.swift in Sources */,
				61DCFBEF2CA1B8FB001019B0 /* CookingTypesHeader.swift in Sources */,
				61E33FE22A085B49009B9725 /* BarHelper.xcdatamodeld in Sources */,
				61CFFFD62A3F6CF0002D87B8 /* TrashView.swift in Sources */,
				61E3400E2A0AD94A009B9725 /* IngredientsView.swift in Sources */,
			);
			runOnlyForDeploymentPostprocessing = 0;
		};
/* End PBXSourcesBuildPhase section */

/* Begin XCBuildConfiguration section */
		61E33FE42A085B49009B9725 /* Debug */ = {
			isa = XCBuildConfiguration;
			buildSettings = {
				ALWAYS_SEARCH_USER_PATHS = NO;
				CLANG_ANALYZER_NONNULL = YES;
				CLANG_ANALYZER_NUMBER_OBJECT_CONVERSION = YES_AGGRESSIVE;
				CLANG_CXX_LANGUAGE_STANDARD = "gnu++20";
				CLANG_ENABLE_MODULES = YES;
				CLANG_ENABLE_OBJC_ARC = YES;
				CLANG_ENABLE_OBJC_WEAK = YES;
				CLANG_WARN_BLOCK_CAPTURE_AUTORELEASING = YES;
				CLANG_WARN_BOOL_CONVERSION = YES;
				CLANG_WARN_COMMA = YES;
				CLANG_WARN_CONSTANT_CONVERSION = YES;
				CLANG_WARN_DEPRECATED_OBJC_IMPLEMENTATIONS = YES;
				CLANG_WARN_DIRECT_OBJC_ISA_USAGE = YES_ERROR;
				CLANG_WARN_DOCUMENTATION_COMMENTS = YES;
				CLANG_WARN_EMPTY_BODY = YES;
				CLANG_WARN_ENUM_CONVERSION = YES;
				CLANG_WARN_INFINITE_RECURSION = YES;
				CLANG_WARN_INT_CONVERSION = YES;
				CLANG_WARN_NON_LITERAL_NULL_CONVERSION = YES;
				CLANG_WARN_OBJC_IMPLICIT_RETAIN_SELF = YES;
				CLANG_WARN_OBJC_LITERAL_CONVERSION = YES;
				CLANG_WARN_OBJC_ROOT_CLASS = YES_ERROR;
				CLANG_WARN_QUOTED_INCLUDE_IN_FRAMEWORK_HEADER = YES;
				CLANG_WARN_RANGE_LOOP_ANALYSIS = YES;
				CLANG_WARN_STRICT_PROTOTYPES = YES;
				CLANG_WARN_SUSPICIOUS_MOVE = YES;
				CLANG_WARN_UNGUARDED_AVAILABILITY = YES_AGGRESSIVE;
				CLANG_WARN_UNREACHABLE_CODE = YES;
				CLANG_WARN__DUPLICATE_METHOD_MATCH = YES;
				COPY_PHASE_STRIP = NO;
				DEBUG_INFORMATION_FORMAT = dwarf;
				ENABLE_STRICT_OBJC_MSGSEND = YES;
				ENABLE_TESTABILITY = YES;
				GCC_C_LANGUAGE_STANDARD = gnu11;
				GCC_DYNAMIC_NO_PIC = NO;
				GCC_NO_COMMON_BLOCKS = YES;
				GCC_OPTIMIZATION_LEVEL = 0;
				GCC_PREPROCESSOR_DEFINITIONS = (
					"DEBUG=1",
					"$(inherited)",
				);
				GCC_WARN_64_TO_32_BIT_CONVERSION = YES;
				GCC_WARN_ABOUT_RETURN_TYPE = YES_ERROR;
				GCC_WARN_UNDECLARED_SELECTOR = YES;
				GCC_WARN_UNINITIALIZED_AUTOS = YES_AGGRESSIVE;
				GCC_WARN_UNUSED_FUNCTION = YES;
				GCC_WARN_UNUSED_VARIABLE = YES;
				IPHONEOS_DEPLOYMENT_TARGET = 16.4;
				MTL_ENABLE_DEBUG_INFO = INCLUDE_SOURCE;
				MTL_FAST_MATH = YES;
				ONLY_ACTIVE_ARCH = YES;
				SDKROOT = iphoneos;
				SWIFT_ACTIVE_COMPILATION_CONDITIONS = DEBUG;
				SWIFT_OPTIMIZATION_LEVEL = "-Onone";
			};
			name = Debug;
		};
		61E33FE52A085B49009B9725 /* Release */ = {
			isa = XCBuildConfiguration;
			buildSettings = {
				ALWAYS_SEARCH_USER_PATHS = NO;
				CLANG_ANALYZER_NONNULL = YES;
				CLANG_ANALYZER_NUMBER_OBJECT_CONVERSION = YES_AGGRESSIVE;
				CLANG_CXX_LANGUAGE_STANDARD = "gnu++20";
				CLANG_ENABLE_MODULES = YES;
				CLANG_ENABLE_OBJC_ARC = YES;
				CLANG_ENABLE_OBJC_WEAK = YES;
				CLANG_WARN_BLOCK_CAPTURE_AUTORELEASING = YES;
				CLANG_WARN_BOOL_CONVERSION = YES;
				CLANG_WARN_COMMA = YES;
				CLANG_WARN_CONSTANT_CONVERSION = YES;
				CLANG_WARN_DEPRECATED_OBJC_IMPLEMENTATIONS = YES;
				CLANG_WARN_DIRECT_OBJC_ISA_USAGE = YES_ERROR;
				CLANG_WARN_DOCUMENTATION_COMMENTS = YES;
				CLANG_WARN_EMPTY_BODY = YES;
				CLANG_WARN_ENUM_CONVERSION = YES;
				CLANG_WARN_INFINITE_RECURSION = YES;
				CLANG_WARN_INT_CONVERSION = YES;
				CLANG_WARN_NON_LITERAL_NULL_CONVERSION = YES;
				CLANG_WARN_OBJC_IMPLICIT_RETAIN_SELF = YES;
				CLANG_WARN_OBJC_LITERAL_CONVERSION = YES;
				CLANG_WARN_OBJC_ROOT_CLASS = YES_ERROR;
				CLANG_WARN_QUOTED_INCLUDE_IN_FRAMEWORK_HEADER = YES;
				CLANG_WARN_RANGE_LOOP_ANALYSIS = YES;
				CLANG_WARN_STRICT_PROTOTYPES = YES;
				CLANG_WARN_SUSPICIOUS_MOVE = YES;
				CLANG_WARN_UNGUARDED_AVAILABILITY = YES_AGGRESSIVE;
				CLANG_WARN_UNREACHABLE_CODE = YES;
				CLANG_WARN__DUPLICATE_METHOD_MATCH = YES;
				COPY_PHASE_STRIP = NO;
				DEBUG_INFORMATION_FORMAT = "dwarf-with-dsym";
				ENABLE_NS_ASSERTIONS = NO;
				ENABLE_STRICT_OBJC_MSGSEND = YES;
				GCC_C_LANGUAGE_STANDARD = gnu11;
				GCC_NO_COMMON_BLOCKS = YES;
				GCC_WARN_64_TO_32_BIT_CONVERSION = YES;
				GCC_WARN_ABOUT_RETURN_TYPE = YES_ERROR;
				GCC_WARN_UNDECLARED_SELECTOR = YES;
				GCC_WARN_UNINITIALIZED_AUTOS = YES_AGGRESSIVE;
				GCC_WARN_UNUSED_FUNCTION = YES;
				GCC_WARN_UNUSED_VARIABLE = YES;
				IPHONEOS_DEPLOYMENT_TARGET = 16.4;
				MTL_ENABLE_DEBUG_INFO = NO;
				MTL_FAST_MATH = YES;
				SDKROOT = iphoneos;
				SWIFT_COMPILATION_MODE = wholemodule;
				SWIFT_OPTIMIZATION_LEVEL = "-O";
				VALIDATE_PRODUCT = YES;
			};
			name = Release;
		};
		61E33FE72A085B49009B9725 /* Debug */ = {
			isa = XCBuildConfiguration;
			buildSettings = {
				ASSETCATALOG_COMPILER_APPICON_NAME = AppIcon;
				ASSETCATALOG_COMPILER_GLOBAL_ACCENT_COLOR_NAME = AccentColor;
				CODE_SIGN_STYLE = Automatic;
				CURRENT_PROJECT_VERSION = 1;
				DEVELOPMENT_ASSET_PATHS = "\"BarHelper/Preview Content\"";
				DEVELOPMENT_TEAM = 5YD7HHKK6M;
				ENABLE_PREVIEWS = YES;
				GENERATE_INFOPLIST_FILE = YES;
				INFOPLIST_KEY_UIApplicationSceneManifest_Generation = YES;
				INFOPLIST_KEY_UIApplicationSupportsIndirectInputEvents = YES;
				INFOPLIST_KEY_UILaunchScreen_Generation = YES;
				INFOPLIST_KEY_UISupportedInterfaceOrientations_iPad = "UIInterfaceOrientationPortrait UIInterfaceOrientationPortraitUpsideDown UIInterfaceOrientationLandscapeLeft UIInterfaceOrientationLandscapeRight";
				INFOPLIST_KEY_UISupportedInterfaceOrientations_iPhone = "UIInterfaceOrientationPortrait UIInterfaceOrientationLandscapeLeft UIInterfaceOrientationLandscapeRight";
				IPHONEOS_DEPLOYMENT_TARGET = 17.6;
				LD_RUNPATH_SEARCH_PATHS = (
					"$(inherited)",
					"@executable_path/Frameworks",
				);
				MARKETING_VERSION = 1.0;
				PRODUCT_BUNDLE_IDENTIFIER = vladukha.BarHelper;
				PRODUCT_NAME = "$(TARGET_NAME)";
				SUPPORTED_PLATFORMS = "iphoneos iphonesimulator xros xrsimulator";
				SUPPORTS_MACCATALYST = NO;
				SUPPORTS_XR_DESIGNED_FOR_IPHONE_IPAD = NO;
				SWIFT_EMIT_LOC_STRINGS = YES;
				SWIFT_VERSION = 5.0;
				TARGETED_DEVICE_FAMILY = "1,2,7";
			};
			name = Debug;
		};
		61E33FE82A085B49009B9725 /* Release */ = {
			isa = XCBuildConfiguration;
			buildSettings = {
				ASSETCATALOG_COMPILER_APPICON_NAME = AppIcon;
				ASSETCATALOG_COMPILER_GLOBAL_ACCENT_COLOR_NAME = AccentColor;
				CODE_SIGN_STYLE = Automatic;
				CURRENT_PROJECT_VERSION = 1;
				DEVELOPMENT_ASSET_PATHS = "\"BarHelper/Preview Content\"";
				DEVELOPMENT_TEAM = 5YD7HHKK6M;
				ENABLE_PREVIEWS = YES;
				GENERATE_INFOPLIST_FILE = YES;
				INFOPLIST_KEY_UIApplicationSceneManifest_Generation = YES;
				INFOPLIST_KEY_UIApplicationSupportsIndirectInputEvents = YES;
				INFOPLIST_KEY_UILaunchScreen_Generation = YES;
				INFOPLIST_KEY_UISupportedInterfaceOrientations_iPad = "UIInterfaceOrientationPortrait UIInterfaceOrientationPortraitUpsideDown UIInterfaceOrientationLandscapeLeft UIInterfaceOrientationLandscapeRight";
				INFOPLIST_KEY_UISupportedInterfaceOrientations_iPhone = "UIInterfaceOrientationPortrait UIInterfaceOrientationLandscapeLeft UIInterfaceOrientationLandscapeRight";
				IPHONEOS_DEPLOYMENT_TARGET = 17.6;
				LD_RUNPATH_SEARCH_PATHS = (
					"$(inherited)",
					"@executable_path/Frameworks",
				);
				MARKETING_VERSION = 1.0;
				PRODUCT_BUNDLE_IDENTIFIER = vladukha.BarHelper;
				PRODUCT_NAME = "$(TARGET_NAME)";
				SUPPORTED_PLATFORMS = "iphoneos iphonesimulator xros xrsimulator";
				SUPPORTS_MACCATALYST = NO;
				SUPPORTS_XR_DESIGNED_FOR_IPHONE_IPAD = NO;
				SWIFT_EMIT_LOC_STRINGS = YES;
				SWIFT_VERSION = 5.0;
				TARGETED_DEVICE_FAMILY = "1,2,7";
			};
			name = Release;
		};
/* End XCBuildConfiguration section */

/* Begin XCConfigurationList section */
		61E33FCD2A085B47009B9725 /* Build configuration list for PBXProject "BarHelper" */ = {
			isa = XCConfigurationList;
			buildConfigurations = (
				61E33FE42A085B49009B9725 /* Debug */,
				61E33FE52A085B49009B9725 /* Release */,
			);
			defaultConfigurationIsVisible = 0;
			defaultConfigurationName = Release;
		};
		61E33FE62A085B49009B9725 /* Build configuration list for PBXNativeTarget "BarHelper" */ = {
			isa = XCConfigurationList;
			buildConfigurations = (
				61E33FE72A085B49009B9725 /* Debug */,
				61E33FE82A085B49009B9725 /* Release */,
			);
			defaultConfigurationIsVisible = 0;
			defaultConfigurationName = Release;
		};
/* End XCConfigurationList section */

/* Begin XCVersionGroup section */
		61E33FE02A085B49009B9725 /* BarHelper.xcdatamodeld */ = {
			isa = XCVersionGroup;
			children = (
				61E33FE12A085B49009B9725 /* BarHelper.xcdatamodel */,
			);
			currentVersion = 61E33FE12A085B49009B9725 /* BarHelper.xcdatamodel */;
			path = BarHelper.xcdatamodeld;
			sourceTree = "<group>";
			versionGroupType = wrapper.xcdatamodel;
		};
/* End XCVersionGroup section */
	};
	rootObject = 61E33FCA2A085B47009B9725 /* Project object */;
}
